
Microsoft Visual Studio Solution File, Format Version 12.00
# Visual Studio Version 17
VisualStudioVersion = 17.7.34031.279
MinimumVisualStudioVersion = 10.0.40219.1
Project("{9A19103F-16F7-4668-BE54-9A1E7A4F7556}") = "UserApp", "UserApp\UserApp.csproj", "{13524BF2-7F38-459E-AE0E-B8E793A92B90}"
EndProject
Project("{9A19103F-16F7-4668-BE54-9A1E7A4F7556}") = "UserApp.Domain", "UserApp.Domain\UserApp.Domain.csproj", "{8E6829FA-3BFF-4890-A2EE-B7CFCD0923E3}"
EndProject
Project("{9A19103F-16F7-4668-BE54-9A1E7A4F7556}") = "UserApp.Services", "UserApp.Services\UserApp.Services.csproj", "{4A4BE6CE-8286-4607-B79A-08BEA34FC161}"
EndProject
Project("{9A19103F-16F7-4668-BE54-9A1E7A4F7556}") = "UserApp.DataAccess", "UserApp.DataAccess\UserApp.DataAccess.csproj", "{6D0E80E6-B4B8-4391-8D7B-D6F07C168DEE}"
EndProject
Project("{9A19103F-16F7-4668-BE54-9A1E7A4F7556}") = "UserApp.DTOs", "UserApp.DTOs\UserApp.DTOs.csproj", "{58616D71-E0E6-4030-B44B-EBD2BEF1B750}"
EndProject
Project("{9A19103F-16F7-4668-BE54-9A1E7A4F7556}") = "UserApp.Helpers", "UserApp.Helpers\UserApp.Helpers.csproj", "{46C8FC62-17DF-4CB7-8060-1279EDE0C07A}"
EndProject
Project("{9A19103F-16F7-4668-BE54-9A1E7A4F7556}") = "UserApp.Mappers", "UserApp.Mappers\UserApp.Mappers.csproj", "{86813149-9971-4B5F-817E-BC7821011737}"
EndProject
Project("{FAE04EC0-301F-11D3-BF4B-00C04F79EFBC}") = "UserApp.Tests", "UserApp.Tests\UserApp.Tests.csproj", "{38DD6B1C-229D-4BC9-B410-864EFE40B32D}"
EndProject
Global
	GlobalSection(SolutionConfigurationPlatforms) = preSolution
		Debug|Any CPU = Debug|Any CPU
		Release|Any CPU = Release|Any CPU
	EndGlobalSection
	GlobalSection(ProjectConfigurationPlatforms) = postSolution
		{13524BF2-7F38-459E-AE0E-B8E793A92B90}.Debug|Any CPU.ActiveCfg = Debug|Any CPU
		{13524BF2-7F38-459E-AE0E-B8E793A92B90}.Debug|Any CPU.Build.0 = Debug|Any CPU
		{13524BF2-7F38-459E-AE0E-B8E793A92B90}.Release|Any CPU.ActiveCfg = Release|Any CPU
		{13524BF2-7F38-459E-AE0E-B8E793A92B90}.Release|Any CPU.Build.0 = Release|Any CPU
		{8E6829FA-3BFF-4890-A2EE-B7CFCD0923E3}.Debug|Any CPU.ActiveCfg = Debug|Any CPU
		{8E6829FA-3BFF-4890-A2EE-B7CFCD0923E3}.Debug|Any CPU.Build.0 = Debug|Any CPU
		{8E6829FA-3BFF-4890-A2EE-B7CFCD0923E3}.Release|Any CPU.ActiveCfg = Release|Any CPU
		{8E6829FA-3BFF-4890-A2EE-B7CFCD0923E3}.Release|Any CPU.Build.0 = Release|Any CPU
		{4A4BE6CE-8286-4607-B79A-08BEA34FC161}.Debug|Any CPU.ActiveCfg = Debug|Any CPU
		{4A4BE6CE-8286-4607-B79A-08BEA34FC161}.Debug|Any CPU.Build.0 = Debug|Any CPU
		{4A4BE6CE-8286-4607-B79A-08BEA34FC161}.Release|Any CPU.ActiveCfg = Release|Any CPU
		{4A4BE6CE-8286-4607-B79A-08BEA34FC161}.Release|Any CPU.Build.0 = Release|Any CPU
		{6D0E80E6-B4B8-4391-8D7B-D6F07C168DEE}.Debug|Any CPU.ActiveCfg = Debug|Any CPU
		{6D0E80E6-B4B8-4391-8D7B-D6F07C168DEE}.Debug|Any CPU.Build.0 = Debug|Any CPU
		{6D0E80E6-B4B8-4391-8D7B-D6F07C168DEE}.Release|Any CPU.ActiveCfg = Release|Any CPU
		{6D0E80E6-B4B8-4391-8D7B-D6F07C168DEE}.Release|Any CPU.Build.0 = Release|Any CPU
		{58616D71-E0E6-4030-B44B-EBD2BEF1B750}.Debug|Any CPU.ActiveCfg = Debug|Any CPU
		{58616D71-E0E6-4030-B44B-EBD2BEF1B750}.Debug|Any CPU.Build.0 = Debug|Any CPU
		{58616D71-E0E6-4030-B44B-EBD2BEF1B750}.Release|Any CPU.ActiveCfg = Release|Any CPU
		{58616D71-E0E6-4030-B44B-EBD2BEF1B750}.Release|Any CPU.Build.0 = Release|Any CPU
		{46C8FC62-17DF-4CB7-8060-1279EDE0C07A}.Debug|Any CPU.ActiveCfg = Debug|Any CPU
		{46C8FC62-17DF-4CB7-8060-1279EDE0C07A}.Debug|Any CPU.Build.0 = Debug|Any CPU
		{46C8FC62-17DF-4CB7-8060-1279EDE0C07A}.Release|Any CPU.ActiveCfg = Release|Any CPU
		{46C8FC62-17DF-4CB7-8060-1279EDE0C07A}.Release|Any CPU.Build.0 = Release|Any CPU
		{86813149-9971-4B5F-817E-BC7821011737}.Debug|Any CPU.ActiveCfg = Debug|Any CPU
		{86813149-9971-4B5F-817E-BC7821011737}.Debug|Any CPU.Build.0 = Debug|Any CPU
		{86813149-9971-4B5F-817E-BC7821011737}.Release|Any CPU.ActiveCfg = Release|Any CPU
		{86813149-9971-4B5F-817E-BC7821011737}.Release|Any CPU.Build.0 = Release|Any CPU
		{38DD6B1C-229D-4BC9-B410-864EFE40B32D}.Debug|Any CPU.ActiveCfg = Debug|Any CPU
		{38DD6B1C-229D-4BC9-B410-864EFE40B32D}.Debug|Any CPU.Build.0 = Debug|Any CPU
		{38DD6B1C-229D-4BC9-B410-864EFE40B32D}.Release|Any CPU.ActiveCfg = Release|Any CPU
		{38DD6B1C-229D-4BC9-B410-864EFE40B32D}.Release|Any CPU.Build.0 = Release|Any CPU
	EndGlobalSection
	GlobalSection(SolutionProperties) = preSolution
		HideSolutionNode = FALSE
	EndGlobalSection
	GlobalSection(ExtensibilityGlobals) = postSolution
		SolutionGuid = {32DD0CD1-0EFF-49AB-A0A7-2EDF53B95659}
	EndGlobalSection
EndGlobal
